Microsoft Visual Studio Solution File, Format Version 12.00
# Visual Studio 2013
VisualStudioVersion = 12.0.21005.1
MinimumVisualStudioVersion = 10.0.40219.1
Project("{FAE04EC0-301F-11D3-BF4B-00C04F79EFBC}") = "Winyx", "Winyx\Winyx.csproj", "{7A2D8A25-E198-4B9B-B370-8928AC1D2F25}"
EndProject
Global
	GlobalSection(SolutionConfigurationPlatforms) = preSolution
		Debug|Any CPU = Debug|Any CPU
		Release|Any CPU = Release|Any CPU
	EndGlobalSection
	GlobalSection(ProjectConfigurationPlatforms) = postSolution
		{7A2D8A25-E198-4B9B-B370-8928AC1D2F25}.Debug|Any CPU.ActiveCfg = Release|Any CPU
		{7A2D8A25-E198-4B9B-B370-8928AC1D2F25}.Debug|Any CPU.Build.0 = Release|Any CPU
		{7A2D8A25-E198-4B9B-B370-8928AC1D2F25}.Release|Any CPU.ActiveCfg = Release|Any CPU
		{7A2D8A25-E198-4B9B-B370-8928AC1D2F25}.Release|Any CPU.Build.0 = Release|Any CPU
	EndGlobalSection
	GlobalSection(SolutionProperties) = preSolution
		HideSolutionNode = FALSE
	EndGlobalSection
EndGlobal
